
Microsoft Visual Studio Solution File, Format Version 12.00
# Visual Studio Version 16
VisualStudioVersion = 16.0.28729.10
MinimumVisualStudioVersion = 10.0.40219.1
Project("{FAE04EC0-301F-11D3-BF4B-00C04F79EFBC}") = "Simulator", "Simulator\Simulator.csproj", "{E5EE6F9E-013D-427E-B92A-6582CAF108C9}"
EndProject
Project("{FAE04EC0-301F-11D3-BF4B-00C04F79EFBC}") = "FPGADrive", "FPGA\FPGADrive.csproj", "{AC127CF0-7828-41F5-976D-B80789ADD67C}"
EndProject
Project("{FAE04EC0-301F-11D3-BF4B-00C04F79EFBC}") = "MapperTests", "MapperTests\MapperTests.csproj", "{DE1EABBD-119B-48E1-B6F1-07D0AFD41ADE}"
EndProject
Project("{2150E333-8FDC-42A3-9474-1A3956D46DE8}") = "Tests", "Tests", "{D7BA479C-2B29-47E9-B78A-FD6135C60D3A}"
EndProject
Project("{FAE04EC0-301F-11D3-BF4B-00C04F79EFBC}") = "PPI", "PPI\PPI.csproj", "{646B555E-DBA5-4A8A-A20C-0308BEF6AA64}"
EndProject
Project("{FAE04EC0-301F-11D3-BF4B-00C04F79EFBC}") = "Mapper", "Mapper\Mapper.csproj", "{5FFA42D8-CDF6-4C02-96D1-BB934830D6C6}"
EndProject
Project("{9A19103F-16F7-4668-BE54-9A1E7A4F7556}") = "IniBind", "IniBind\IniBind.csproj", "{5D6BA190-193D-4ED1-91C8-A57F8DA30924}"
EndProject
Global
	GlobalSection(SolutionConfigurationPlatforms) = preSolution
		Debug|Any CPU = Debug|Any CPU
		Release|Any CPU = Release|Any CPU
	EndGlobalSection
	GlobalSection(ProjectConfigurationPlatforms) = postSolution
		{E5EE6F9E-013D-427E-B92A-6582CAF108C9}.Debug|Any CPU.ActiveCfg = Debug|Any CPU
		{E5EE6F9E-013D-427E-B92A-6582CAF108C9}.Debug|Any CPU.Build.0 = Debug|Any CPU
		{E5EE6F9E-013D-427E-B92A-6582CAF108C9}.Release|Any CPU.ActiveCfg = Release|Any CPU
		{E5EE6F9E-013D-427E-B92A-6582CAF108C9}.Release|Any CPU.Build.0 = Release|Any CPU
		{AC127CF0-7828-41F5-976D-B80789ADD67C}.Debug|Any CPU.ActiveCfg = Debug|Any CPU
		{AC127CF0-7828-41F5-976D-B80789ADD67C}.Debug|Any CPU.Build.0 = Debug|Any CPU
		{AC127CF0-7828-41F5-976D-B80789ADD67C}.Release|Any CPU.ActiveCfg = Release|Any CPU
		{AC127CF0-7828-41F5-976D-B80789ADD67C}.Release|Any CPU.Build.0 = Release|Any CPU
		{DE1EABBD-119B-48E1-B6F1-07D0AFD41ADE}.Debug|Any CPU.ActiveCfg = Debug|Any CPU
		{DE1EABBD-119B-48E1-B6F1-07D0AFD41ADE}.Debug|Any CPU.Build.0 = Debug|Any CPU
		{DE1EABBD-119B-48E1-B6F1-07D0AFD41ADE}.Release|Any CPU.ActiveCfg = Release|Any CPU
		{DE1EABBD-119B-48E1-B6F1-07D0AFD41ADE}.Release|Any CPU.Build.0 = Release|Any CPU
		{646B555E-DBA5-4A8A-A20C-0308BEF6AA64}.Debug|Any CPU.ActiveCfg = Debug|Any CPU
		{646B555E-DBA5-4A8A-A20C-0308BEF6AA64}.Debug|Any CPU.Build.0 = Debug|Any CPU
		{646B555E-DBA5-4A8A-A20C-0308BEF6AA64}.Release|Any CPU.ActiveCfg = Release|Any CPU
		{646B555E-DBA5-4A8A-A20C-0308BEF6AA64}.Release|Any CPU.Build.0 = Release|Any CPU
		{5FFA42D8-CDF6-4C02-96D1-BB934830D6C6}.Debug|Any CPU.ActiveCfg = Debug|Any CPU
		{5FFA42D8-CDF6-4C02-96D1-BB934830D6C6}.Debug|Any CPU.Build.0 = Debug|Any CPU
		{5FFA42D8-CDF6-4C02-96D1-BB934830D6C6}.Release|Any CPU.ActiveCfg = Release|Any CPU
		{5FFA42D8-CDF6-4C02-96D1-BB934830D6C6}.Release|Any CPU.Build.0 = Release|Any CPU
		{5D6BA190-193D-4ED1-91C8-A57F8DA30924}.Debug|Any CPU.ActiveCfg = Debug|Any CPU
		{5D6BA190-193D-4ED1-91C8-A57F8DA30924}.Debug|Any CPU.Build.0 = Debug|Any CPU
		{5D6BA190-193D-4ED1-91C8-A57F8DA30924}.Release|Any CPU.ActiveCfg = Release|Any CPU
		{5D6BA190-193D-4ED1-91C8-A57F8DA30924}.Release|Any CPU.Build.0 = Release|Any CPU
	EndGlobalSection
	GlobalSection(SolutionProperties) = preSolution
		HideSolutionNode = FALSE
	EndGlobalSection
	GlobalSection(NestedProjects) = preSolution
		{DE1EABBD-119B-48E1-B6F1-07D0AFD41ADE} = {D7BA479C-2B29-47E9-B78A-FD6135C60D3A}
	EndGlobalSection
	GlobalSection(ExtensibilityGlobals) = postSolution
		SolutionGuid = {A1D1C326-60EC-4BCD-A237-B507C03B91B2}
	EndGlobalSection
EndGlobal
